
Microsoft Visual Studio Solution File, Format Version 12.00
# Visual Studio Version 17
VisualStudioVersion = 17.4.33122.133
MinimumVisualStudioVersion = 10.0.40219.1
Project("{FAE04EC0-301F-11D3-BF4B-00C04F79EFBC}") = "UltimativeWerkzeugListe", "UltimativeWerkzeugListe\UltimativeWerkzeugListe.csproj", "{8E5AFF26-79DA-41A4-8866-4FBED15627BB}"
EndProject
Global
	GlobalSection(SolutionConfigurationPlatforms) = preSolution
		Debug|Any CPU = Debug|Any CPU
		Release|Any CPU = Release|Any CPU
	EndGlobalSection
	GlobalSection(ProjectConfigurationPlatforms) = postSolution
		{8E5AFF26-79DA-41A4-8866-4FBED15627BB}.Debug|Any CPU.ActiveCfg = Debug|Any CPU
		{8E5AFF26-79DA-41A4-8866-4FBED15627BB}.Debug|Any CPU.Build.0 = Debug|Any CPU
		{8E5AFF26-79DA-41A4-8866-4FBED15627BB}.Release|Any CPU.ActiveCfg = Release|Any CPU
		{8E5AFF26-79DA-41A4-8866-4FBED15627BB}.Release|Any CPU.Build.0 = Release|Any CPU
	EndGlobalSection
	GlobalSection(SolutionProperties) = preSolution
		HideSolutionNode = FALSE
	EndGlobalSection
	GlobalSection(ExtensibilityGlobals) = postSolution
		SolutionGuid = {E99142BC-0BBA-4F1F-94AC-6F95BFF49CC7}
	EndGlobalSection
EndGlobal
